{
  "nodes": {
    "flakeNimbleLib": {
      "inputs": {
        "nixpkgs": [
          "nixpkgs"
        ]
      },
      "locked": {
        "lastModified": 1662018438,
        "narHash": "sha256-QtNtU6+LX3Wokxf0zlFwKTFOcn6TeDjKQZ+DA9OYtvM=",
        "owner": "riinr",
        "repo": "nim-flakes-lib",
        "rev": "b1fe8340736e3a85d25c709ac3dfd82a55c03cbf",
        "type": "github"
      },
      "original": {
        "owner": "riinr",
        "ref": "master",
        "repo": "nim-flakes-lib",
        "type": "github"
      }
    },
    "nixpkgs": {
      "locked": {
        "lastModified": 1667199707,
        "narHash": "sha256-I2Js3Y7gUyVSEXPULHlBoRek4Lh85vnevdS6mdvDNLI=",
        "owner": "NixOS",
        "repo": "nixpkgs",
        "rev": "ced197be72099edcfa68ebed8b87af7b04851f45",
        "type": "github"
      },
      "original": {
        "id": "nixpkgs",
        "type": "indirect"
      }
    },
    "root": {
      "inputs": {
        "flakeNimbleLib": "flakeNimbleLib",
        "nixpkgs": "nixpkgs",
        "tuples-master": "tuples-master"
      }
    },
    "src-tuples-master": {
      "flake": false,
      "locked": {
        "lastModified": 1426992834,
        "narHash": "sha256-UD8wCRfDHZAGD67boGkUuqbpO50oQln2udgstN9/5wE=",
        "owner": "MasonMcGill",
        "repo": "tuples",
        "rev": "da51024576848a03a4f7b1a0826bf9b29c1db3e1",
        "type": "github"
      },
      "original": {
        "owner": "MasonMcGill",
        "ref": "refs/heads/master",
        "repo": "tuples",
        "type": "github"
      }
    },
    "tuples-master": {
      "inputs": {
        "flakeNimbleLib": [
          "flakeNimbleLib"
        ],
        "nixpkgs": [
          "nixpkgs"
        ],
        "src-tuples-master": "src-tuples-master"
      },
      "locked": {
        "dir": "master",
        "lastModified": 1667322756,
        "narHash": "sha256-RfffM/LxbRcZLEn/yrM++wffgNGBMi6h+vrj3KCzW5g=",
        "owner": "nim-nix-pkgs",
        "repo": "tuples",
        "rev": "0b40fac708e5a5b85cf32170ca0e4de66ee3a2e6",
        "type": "github"
      },
      "original": {
        "dir": "master",
        "owner": "nim-nix-pkgs",
        "ref": "master",
        "repo": "tuples",
        "type": "github"
      }
    }
  },
  "root": "root",
  "version": 7
}
